
Microsoft Visual Studio Solution File, Format Version 12.00
# Visual Studio 15
VisualStudioVersion = 15.0.28307.572
MinimumVisualStudioVersion = 10.0.40219.1
Project("{2150E333-8FDC-42A3-9474-1A3956D46DE8}") = "src", "src", "{D1679905-CBAC-4CD7-A9C3-DC6682FBC051}"
EndProject
Project("{2150E333-8FDC-42A3-9474-1A3956D46DE8}") = "Blocks", "Blocks", "{0EECB678-7A51-46BD-8933-202AC5BE4EA4}"
EndProject
Project("{2150E333-8FDC-42A3-9474-1A3956D46DE8}") = "Services", "Services", "{29D33417-7A63-41F8-842A-C365A4962473}"
EndProject
Project("{2150E333-8FDC-42A3-9474-1A3956D46DE8}") = "Clients", "Clients", "{AA207808-8D37-46E4-B5E3-ED1664E13B6A}"
EndProject
Project("{2150E333-8FDC-42A3-9474-1A3956D46DE8}") = "Catalog", "Catalog", "{B6AE4528-AF3F-4C51-BB17-537896FBF5AD}"
EndProject
Project("{2150E333-8FDC-42A3-9474-1A3956D46DE8}") = "Identity", "Identity", "{7AA5FE4D-431E-4721-B4D4-F56B104375C1}"
EndProject
Project("{FAE04EC0-301F-11D3-BF4B-00C04F79EFBC}") = "Fetenashare.Kernel", "Fetenashare.Kernel\Fetenashare.Kernel.csproj", "{3E8705D7-C4FA-41A2-8AEB-74ABEE5A551A}"
EndProject
Project("{FAE04EC0-301F-11D3-BF4B-00C04F79EFBC}") = "Fetenashare.Flogger", "Fetenashare.Flogger\Fetenashare.Flogger.csproj", "{E825A328-4E08-41C7-8A3E-BF5FA1172F2F}"
EndProject
Project("{FAE04EC0-301F-11D3-BF4B-00C04F79EFBC}") = "Fetenashare.Web", "Fetenashare.Web\Fetenashare.Web.csproj", "{1AB90A71-C587-4752-940F-3D2FA202F94E}"
EndProject
Project("{FAE04EC0-301F-11D3-BF4B-00C04F79EFBC}") = "Fetenashare.Catalog.Api", "Fetenashare.Catalog.Api\Fetenashare.Catalog.Api.csproj", "{540EEF09-E6E7-4F1B-8737-952D289C4FE7}"
EndProject
Project("{FAE04EC0-301F-11D3-BF4B-00C04F79EFBC}") = "Fetenashare.Catalog.Domain", "Fetenashare.Catalog.Domain\Fetenashare.Catalog.Domain.csproj", "{8E6950B5-DC5E-471A-86DE-4E6DAE9B8070}"
EndProject
Project("{FAE04EC0-301F-11D3-BF4B-00C04F79EFBC}") = "Fetenashare.Catalog.Persistence", "Fetenashare.Catalog.Persistence\Fetenashare.Catalog.Persistence.csproj", "{7E095562-F29D-4C1F-A954-15BD078A4981}"
EndProject
Project("{FAE04EC0-301F-11D3-BF4B-00C04F79EFBC}") = "Fetenashare.Identity.Api", "Fetenashare.Identity.Api\Fetenashare.Identity.Api.csproj", "{290DD900-51F8-45AE-AB45-5CF5776513D4}"
EndProject
Project("{E53339B2-1760-4266-BCC7-CA923CBCF16C}") = "docker-compose", "docker-compose.dcproj", "{1EDADF27-485A-479A-BF95-FEE4BDA155E4}"
EndProject
Project("{2150E333-8FDC-42A3-9474-1A3956D46DE8}") = "Solution Items", "Solution Items", "{ED98B139-D02D-448A-8608-6AEA3F755072}"
	ProjectSection(SolutionItems) = preProject
		.env = .env
	EndProjectSection
EndProject
Global
	GlobalSection(SolutionConfigurationPlatforms) = preSolution
		Debug|Any CPU = Debug|Any CPU
		Release|Any CPU = Release|Any CPU
	EndGlobalSection
	GlobalSection(ProjectConfigurationPlatforms) = postSolution
		{3E8705D7-C4FA-41A2-8AEB-74ABEE5A551A}.Debug|Any CPU.ActiveCfg = Debug|Any CPU
		{3E8705D7-C4FA-41A2-8AEB-74ABEE5A551A}.Debug|Any CPU.Build.0 = Debug|Any CPU
		{3E8705D7-C4FA-41A2-8AEB-74ABEE5A551A}.Release|Any CPU.ActiveCfg = Release|Any CPU
		{3E8705D7-C4FA-41A2-8AEB-74ABEE5A551A}.Release|Any CPU.Build.0 = Release|Any CPU
		{E825A328-4E08-41C7-8A3E-BF5FA1172F2F}.Debug|Any CPU.ActiveCfg = Debug|Any CPU
		{E825A328-4E08-41C7-8A3E-BF5FA1172F2F}.Debug|Any CPU.Build.0 = Debug|Any CPU
		{E825A328-4E08-41C7-8A3E-BF5FA1172F2F}.Release|Any CPU.ActiveCfg = Release|Any CPU
		{E825A328-4E08-41C7-8A3E-BF5FA1172F2F}.Release|Any CPU.Build.0 = Release|Any CPU
		{1AB90A71-C587-4752-940F-3D2FA202F94E}.Debug|Any CPU.ActiveCfg = Debug|Any CPU
		{1AB90A71-C587-4752-940F-3D2FA202F94E}.Debug|Any CPU.Build.0 = Debug|Any CPU
		{1AB90A71-C587-4752-940F-3D2FA202F94E}.Release|Any CPU.ActiveCfg = Release|Any CPU
		{1AB90A71-C587-4752-940F-3D2FA202F94E}.Release|Any CPU.Build.0 = Release|Any CPU
		{540EEF09-E6E7-4F1B-8737-952D289C4FE7}.Debug|Any CPU.ActiveCfg = Debug|Any CPU
		{540EEF09-E6E7-4F1B-8737-952D289C4FE7}.Debug|Any CPU.Build.0 = Debug|Any CPU
		{540EEF09-E6E7-4F1B-8737-952D289C4FE7}.Release|Any CPU.ActiveCfg = Release|Any CPU
		{540EEF09-E6E7-4F1B-8737-952D289C4FE7}.Release|Any CPU.Build.0 = Release|Any CPU
		{8E6950B5-DC5E-471A-86DE-4E6DAE9B8070}.Debug|Any CPU.ActiveCfg = Debug|Any CPU
		{8E6950B5-DC5E-471A-86DE-4E6DAE9B8070}.Debug|Any CPU.Build.0 = Debug|Any CPU
		{8E6950B5-DC5E-471A-86DE-4E6DAE9B8070}.Release|Any CPU.ActiveCfg = Release|Any CPU
		{8E6950B5-DC5E-471A-86DE-4E6DAE9B8070}.Release|Any CPU.Build.0 = Release|Any CPU
		{7E095562-F29D-4C1F-A954-15BD078A4981}.Debug|Any CPU.ActiveCfg = Debug|Any CPU
		{7E095562-F29D-4C1F-A954-15BD078A4981}.Debug|Any CPU.Build.0 = Debug|Any CPU
		{7E095562-F29D-4C1F-A954-15BD078A4981}.Release|Any CPU.ActiveCfg = Release|Any CPU
		{7E095562-F29D-4C1F-A954-15BD078A4981}.Release|Any CPU.Build.0 = Release|Any CPU
		{290DD900-51F8-45AE-AB45-5CF5776513D4}.Debug|Any CPU.ActiveCfg = Debug|Any CPU
		{290DD900-51F8-45AE-AB45-5CF5776513D4}.Debug|Any CPU.Build.0 = Debug|Any CPU
		{290DD900-51F8-45AE-AB45-5CF5776513D4}.Release|Any CPU.ActiveCfg = Release|Any CPU
		{290DD900-51F8-45AE-AB45-5CF5776513D4}.Release|Any CPU.Build.0 = Release|Any CPU
		{1EDADF27-485A-479A-BF95-FEE4BDA155E4}.Debug|Any CPU.ActiveCfg = Debug|Any CPU
		{1EDADF27-485A-479A-BF95-FEE4BDA155E4}.Debug|Any CPU.Build.0 = Debug|Any CPU
		{1EDADF27-485A-479A-BF95-FEE4BDA155E4}.Release|Any CPU.ActiveCfg = Release|Any CPU
		{1EDADF27-485A-479A-BF95-FEE4BDA155E4}.Release|Any CPU.Build.0 = Release|Any CPU
	EndGlobalSection
	GlobalSection(SolutionProperties) = preSolution
		HideSolutionNode = FALSE
	EndGlobalSection
	GlobalSection(NestedProjects) = preSolution
		{0EECB678-7A51-46BD-8933-202AC5BE4EA4} = {D1679905-CBAC-4CD7-A9C3-DC6682FBC051}
		{29D33417-7A63-41F8-842A-C365A4962473} = {D1679905-CBAC-4CD7-A9C3-DC6682FBC051}
		{AA207808-8D37-46E4-B5E3-ED1664E13B6A} = {D1679905-CBAC-4CD7-A9C3-DC6682FBC051}
		{B6AE4528-AF3F-4C51-BB17-537896FBF5AD} = {29D33417-7A63-41F8-842A-C365A4962473}
		{7AA5FE4D-431E-4721-B4D4-F56B104375C1} = {29D33417-7A63-41F8-842A-C365A4962473}
		{3E8705D7-C4FA-41A2-8AEB-74ABEE5A551A} = {0EECB678-7A51-46BD-8933-202AC5BE4EA4}
		{E825A328-4E08-41C7-8A3E-BF5FA1172F2F} = {0EECB678-7A51-46BD-8933-202AC5BE4EA4}
		{1AB90A71-C587-4752-940F-3D2FA202F94E} = {AA207808-8D37-46E4-B5E3-ED1664E13B6A}
		{540EEF09-E6E7-4F1B-8737-952D289C4FE7} = {B6AE4528-AF3F-4C51-BB17-537896FBF5AD}
		{8E6950B5-DC5E-471A-86DE-4E6DAE9B8070} = {B6AE4528-AF3F-4C51-BB17-537896FBF5AD}
		{7E095562-F29D-4C1F-A954-15BD078A4981} = {B6AE4528-AF3F-4C51-BB17-537896FBF5AD}
		{290DD900-51F8-45AE-AB45-5CF5776513D4} = {7AA5FE4D-431E-4721-B4D4-F56B104375C1}
	EndGlobalSection
	GlobalSection(ExtensibilityGlobals) = postSolution
		SolutionGuid = {421AD95D-B07E-4AAC-835C-7614EBA9FD7F}
	EndGlobalSection
EndGlobal
